
Microsoft Visual Studio Solution File, Format Version 12.00
# Visual Studio Version 16
VisualStudioVersion = 16.0.30907.101
MinimumVisualStudioVersion = 10.0.40219.1
Project("{2150E333-8FDC-42A3-9474-1A3956D46DE8}") = "01.common", "01.common", "{1B24C703-D467-4C4C-90D1-2BAA437995D8}"
	ProjectSection(SolutionItems) = preProject
		.gitignore = .gitignore
	EndProjectSection
EndProject
Project("{2150E333-8FDC-42A3-9474-1A3956D46DE8}") = "02.bookcafe", "02.bookcafe", "{7FF99203-BF89-4C3A-B76A-46551456F7B8}"
EndProject
Project("{2150E333-8FDC-42A3-9474-1A3956D46DE8}") = "99.examples", "99.examples", "{6924022F-A8B9-4833-BA18-6DD7CBD567A4}"
EndProject
Project("{8BC9CEB8-8B4A-11D0-8D11-00A0C91BC942}") = "Git-ex 01", "Git-example 01\Git-example 01.vcxproj", "{6647D0E9-CEBB-4C21-AB29-CBCE64D5724D}"
EndProject
Project("{8BC9CEB8-8B4A-11D0-8D11-00A0C91BC942}") = "Git_ex 02", "Git_ex 02\Git_ex 02.vcxproj", "{4367A054-5B50-41FE-93F4-14F59C00C35A}"
EndProject
Project("{2150E333-8FDC-42A3-9474-1A3956D46DE8}") = "01. 멀티프로젝트 예제", "01. 멀티프로젝트 예제", "{D57A04DA-BA22-4E29-8896-FB715EC9CDD8}"
EndProject
Project("{2150E333-8FDC-42A3-9474-1A3956D46DE8}") = "02. 열거형_Typedef", "02. 열거형_Typedef", "{D135E226-88EC-4EAE-B57F-D7D1B704AE3C}"
EndProject
Project("{8BC9CEB8-8B4A-11D0-8D11-00A0C91BC942}") = "eunm_typedef", "eunm_typedef\eunm_typedef.vcxproj", "{98948CBC-1FD0-4CAE-B3B4-24546EDFEB2A}"
EndProject
Project("{2150E333-8FDC-42A3-9474-1A3956D46DE8}") = "03.전처리기", "03.전처리기", "{D9BA0500-5A5D-4F9C-9850-B0A17011C819}"
EndProject
Project("{8BC9CEB8-8B4A-11D0-8D11-00A0C91BC942}") = "preprocessor", "preprocessor\preprocessor.vcxproj", "{1238808D-FFCC-4B35-977E-045E4BCC3BAE}"
EndProject
Global
	GlobalSection(SolutionConfigurationPlatforms) = preSolution
		Debug|x64 = Debug|x64
		Debug|x86 = Debug|x86
		Release|x64 = Release|x64
		Release|x86 = Release|x86
	EndGlobalSection
	GlobalSection(ProjectConfigurationPlatforms) = postSolution
		{6647D0E9-CEBB-4C21-AB29-CBCE64D5724D}.Debug|x64.ActiveCfg = Debug|x64
		{6647D0E9-CEBB-4C21-AB29-CBCE64D5724D}.Debug|x64.Build.0 = Debug|x64
		{6647D0E9-CEBB-4C21-AB29-CBCE64D5724D}.Debug|x86.ActiveCfg = Debug|Win32
		{6647D0E9-CEBB-4C21-AB29-CBCE64D5724D}.Debug|x86.Build.0 = Debug|Win32
		{6647D0E9-CEBB-4C21-AB29-CBCE64D5724D}.Release|x64.ActiveCfg = Release|x64
		{6647D0E9-CEBB-4C21-AB29-CBCE64D5724D}.Release|x64.Build.0 = Release|x64
		{6647D0E9-CEBB-4C21-AB29-CBCE64D5724D}.Release|x86.ActiveCfg = Release|Win32
		{6647D0E9-CEBB-4C21-AB29-CBCE64D5724D}.Release|x86.Build.0 = Release|Win32
		{4367A054-5B50-41FE-93F4-14F59C00C35A}.Debug|x64.ActiveCfg = Debug|x64
		{4367A054-5B50-41FE-93F4-14F59C00C35A}.Debug|x64.Build.0 = Debug|x64
		{4367A054-5B50-41FE-93F4-14F59C00C35A}.Debug|x86.ActiveCfg = Debug|Win32
		{4367A054-5B50-41FE-93F4-14F59C00C35A}.Debug|x86.Build.0 = Debug|Win32
		{4367A054-5B50-41FE-93F4-14F59C00C35A}.Release|x64.ActiveCfg = Release|x64
		{4367A054-5B50-41FE-93F4-14F59C00C35A}.Release|x64.Build.0 = Release|x64
		{4367A054-5B50-41FE-93F4-14F59C00C35A}.Release|x86.ActiveCfg = Release|Win32
		{4367A054-5B50-41FE-93F4-14F59C00C35A}.Release|x86.Build.0 = Release|Win32
		{98948CBC-1FD0-4CAE-B3B4-24546EDFEB2A}.Debug|x64.ActiveCfg = Debug|x64
		{98948CBC-1FD0-4CAE-B3B4-24546EDFEB2A}.Debug|x64.Build.0 = Debug|x64
		{98948CBC-1FD0-4CAE-B3B4-24546EDFEB2A}.Debug|x86.ActiveCfg = Debug|Win32
		{98948CBC-1FD0-4CAE-B3B4-24546EDFEB2A}.Debug|x86.Build.0 = Debug|Win32
		{98948CBC-1FD0-4CAE-B3B4-24546EDFEB2A}.Release|x64.ActiveCfg = Release|x64
		{98948CBC-1FD0-4CAE-B3B4-24546EDFEB2A}.Release|x64.Build.0 = Release|x64
		{98948CBC-1FD0-4CAE-B3B4-24546EDFEB2A}.Release|x86.ActiveCfg = Release|Win32
		{98948CBC-1FD0-4CAE-B3B4-24546EDFEB2A}.Release|x86.Build.0 = Release|Win32
		{1238808D-FFCC-4B35-977E-045E4BCC3BAE}.Debug|x64.ActiveCfg = Debug|x64
		{1238808D-FFCC-4B35-977E-045E4BCC3BAE}.Debug|x64.Build.0 = Debug|x64
		{1238808D-FFCC-4B35-977E-045E4BCC3BAE}.Debug|x86.ActiveCfg = Debug|Win32
		{1238808D-FFCC-4B35-977E-045E4BCC3BAE}.Debug|x86.Build.0 = Debug|Win32
		{1238808D-FFCC-4B35-977E-045E4BCC3BAE}.Release|x64.ActiveCfg = Release|x64
		{1238808D-FFCC-4B35-977E-045E4BCC3BAE}.Release|x64.Build.0 = Release|x64
		{1238808D-FFCC-4B35-977E-045E4BCC3BAE}.Release|x86.ActiveCfg = Release|Win32
		{1238808D-FFCC-4B35-977E-045E4BCC3BAE}.Release|x86.Build.0 = Release|Win32
	EndGlobalSection
	GlobalSection(SolutionProperties) = preSolution
		HideSolutionNode = FALSE
	EndGlobalSection
	GlobalSection(NestedProjects) = preSolution
		{6647D0E9-CEBB-4C21-AB29-CBCE64D5724D} = {D57A04DA-BA22-4E29-8896-FB715EC9CDD8}
		{4367A054-5B50-41FE-93F4-14F59C00C35A} = {D57A04DA-BA22-4E29-8896-FB715EC9CDD8}
		{D57A04DA-BA22-4E29-8896-FB715EC9CDD8} = {6924022F-A8B9-4833-BA18-6DD7CBD567A4}
		{D135E226-88EC-4EAE-B57F-D7D1B704AE3C} = {6924022F-A8B9-4833-BA18-6DD7CBD567A4}
		{98948CBC-1FD0-4CAE-B3B4-24546EDFEB2A} = {D135E226-88EC-4EAE-B57F-D7D1B704AE3C}
		{D9BA0500-5A5D-4F9C-9850-B0A17011C819} = {6924022F-A8B9-4833-BA18-6DD7CBD567A4}
		{1238808D-FFCC-4B35-977E-045E4BCC3BAE} = {D9BA0500-5A5D-4F9C-9850-B0A17011C819}
	EndGlobalSection
	GlobalSection(ExtensibilityGlobals) = postSolution
		SolutionGuid = {98389033-E89C-4B13-B9F6-803C9E41185C}
	EndGlobalSection
EndGlobal
